{
  "requires": true,
  "lockfileVersion": 1,
  "dependencies": {
    "jquery": {
      "version": "3.4.1",
      "resolved": "https://registry.npmjs.org/jquery/-/jquery-3.4.1.tgz",
      "integrity": "sha512-36+AdBzCL+y6qjw5Tx7HgzeGCzC81MDDgaUP8ld2zhx58HdqXGoBd+tHdrBMiyjGQs0Hxs/MLZTu/eHNJJuWPw=="
    },
    "lottie-web": {
      "version": "5.5.9",
      "resolved": "https://registry.npmjs.org/lottie-web/-/lottie-web-5.5.9.tgz",
      "integrity": "sha512-3Zdxnuyi6WXnMj+0ZfwDd17EXCM87Hcbhd+sVFq6EPGfkVoGzoIkZt9OafcgXw4mzjyILOkPDLaBumrgGKoCaw=="
    }
  }
}
